// !$*UTF8*$!
{
	archiveVersion = 1;
	classes = {
	};
	objectVersion = 51;
	objects = {

/* Begin PBXBuildFile section */
		003ECB047CDCC05809B8F912 /* Pods_onepageaday.framework in Frameworks */ = {isa = PBXBuildFile; fileRef = D4B928A1E391D0234C9506F1 /* Pods_onepageaday.framework */; };
		6F2A1475C2164726B48F0622 /* Pods_onepageadayTests.framework in Frameworks */ = {isa = PBXBuildFile; fileRef = C9DFDEE0EEE9B60A7F305482 /* Pods_onepageadayTests.framework */; };
		78001F6A258B889600102D27 /* PKDrawing.swift in Sources */ = {isa = PBXBuildFile; fileRef = 78001F69258B889600102D27 /* PKDrawing.swift */; };
		78075CCD25909D3C00EC9139 /* Array.swift in Sources */ = {isa = PBXBuildFile; fileRef = 78075CCC25909D3C00EC9139 /* Array.swift */; };
		782685472587106E00F0A295 /* GiphyAPI.swift in Sources */ = {isa = PBXBuildFile; fileRef = 782685462587106E00F0A295 /* GiphyAPI.swift */; };
		7826855C2587114E00F0A295 /* API.swift in Sources */ = {isa = PBXBuildFile; fileRef = 7826855B2587114E00F0A295 /* API.swift */; };
		78273C032591C11900805B59 /* OFV_IndexViewController.swift in Sources */ = {isa = PBXBuildFile; fileRef = 78273C022591C11900805B59 /* OFV_IndexViewController.swift */; };
		78365CE0259F097D00CACE52 /* ShopHashTagPickViewController.swift in Sources */ = {isa = PBXBuildFile; fileRef = 78365CDF259F097D00CACE52 /* ShopHashTagPickViewController.swift */; };
		78365CE8259F0BC000CACE52 /* ShopItems.swift in Sources */ = {isa = PBXBuildFile; fileRef = 78365CE7259F0BC000CACE52 /* ShopItems.swift */; };
		7840E308257FAA9E009B216B /* AppDelegate.swift in Sources */ = {isa = PBXBuildFile; fileRef = 7840E307257FAA9E009B216B /* AppDelegate.swift */; };
		7840E30A257FAA9E009B216B /* SceneDelegate.swift in Sources */ = {isa = PBXBuildFile; fileRef = 7840E309257FAA9E009B216B /* SceneDelegate.swift */; };
		7840E30C257FAA9E009B216B /* MainViewController.swift in Sources */ = {isa = PBXBuildFile; fileRef = 7840E30B257FAA9E009B216B /* MainViewController.swift */; };
		7840E30F257FAA9E009B216B /* Main.storyboard in Resources */ = {isa = PBXBuildFile; fileRef = 7840E30D257FAA9E009B216B /* Main.storyboard */; };
		7840E311257FAAA7009B216B /* Assets.xcassets in Resources */ = {isa = PBXBuildFile; fileRef = 7840E310257FAAA7009B216B /* Assets.xcassets */; };
		7840E314257FAAA7009B216B /* LaunchScreen.storyboard in Resources */ = {isa = PBXBuildFile; fileRef = 7840E312257FAAA7009B216B /* LaunchScreen.storyboard */; };
		7840E31F257FAAA8009B216B /* onepageadayTests.swift in Sources */ = {isa = PBXBuildFile; fileRef = 7840E31E257FAAA8009B216B /* onepageadayTests.swift */; };
		7840E32A257FAAA8009B216B /* onepageadayUITests.swift in Sources */ = {isa = PBXBuildFile; fileRef = 7840E329257FAAA8009B216B /* onepageadayUITests.swift */; };
		784E79272595BB0C0075B51D /* Constant.swift in Sources */ = {isa = PBXBuildFile; fileRef = 784E79262595BB0C0075B51D /* Constant.swift */; };
		7853DC772587AAD900600F6A /* ShopViewController.swift in Sources */ = {isa = PBXBuildFile; fileRef = 7853DC762587AAD900600F6A /* ShopViewController.swift */; };
		78576E8E257FDEF7006F0B3F /* EditableTextView.swift in Sources */ = {isa = PBXBuildFile; fileRef = 78576E8D257FDEF7006F0B3F /* EditableTextView.swift */; };
		7861CB26258FA7B50035D29E /* StickerCell.swift in Sources */ = {isa = PBXBuildFile; fileRef = 7861CB25258FA7B50035D29E /* StickerCell.swift */; };
		7861CB2E258FA87D0035D29E /* StickerViewController.swift in Sources */ = {isa = PBXBuildFile; fileRef = 7861CB2D258FA87D0035D29E /* StickerViewController.swift */; };
		7863C9BF2588589500B5773D /* BookCell.xib in Resources */ = {isa = PBXBuildFile; fileRef = 7863C9BE2588589500B5773D /* BookCell.xib */; };
		7863C9C42588596600B5773D /* BookCell.swift in Sources */ = {isa = PBXBuildFile; fileRef = 7863C9C32588596600B5773D /* BookCell.swift */; };
		786769C225B127A100E63EC3 /* File.swift in Sources */ = {isa = PBXBuildFile; fileRef = 786769C125B127A100E63EC3 /* File.swift */; };
		787086B8258C448D00D454A8 /* LoginViewController.swift in Sources */ = {isa = PBXBuildFile; fileRef = 787086B7258C448D00D454A8 /* LoginViewController.swift */; };
		787086C7258C475100D454A8 /* GoogleService-Info.plist in Resources */ = {isa = PBXBuildFile; fileRef = 787086C6258C475100D454A8 /* GoogleService-Info.plist */; };
		787086DD258C915100D454A8 /* ShopItem.swift in Sources */ = {isa = PBXBuildFile; fileRef = 787086DC258C915100D454A8 /* ShopItem.swift */; };
		78708700258D90A400D454A8 /* Device.swift in Sources */ = {isa = PBXBuildFile; fileRef = 787086FF258D90A400D454A8 /* Device.swift */; };
		78708705258DDB3A00D454A8 /* Date.swift in Sources */ = {isa = PBXBuildFile; fileRef = 78708704258DDB3A00D454A8 /* Date.swift */; };
		7870870B258F139300D454A8 /* UIView.swift in Sources */ = {isa = PBXBuildFile; fileRef = 7870870A258F139300D454A8 /* UIView.swift */; };
		7870871D258F1D2600D454A8 /* OFV_MainView.swift in Sources */ = {isa = PBXBuildFile; fileRef = 7870871C258F1D2600D454A8 /* OFV_MainView.swift */; };
		78708722258F1FD300D454A8 /* OFV_TextView.swift in Sources */ = {isa = PBXBuildFile; fileRef = 78708721258F1FD300D454A8 /* OFV_TextView.swift */; };
		7870872A258F20A500D454A8 /* OFV_ImageView.swift in Sources */ = {isa = PBXBuildFile; fileRef = 78708729258F20A500D454A8 /* OFV_ImageView.swift */; };
		7870872F258F369900D454A8 /* Color.swift in Sources */ = {isa = PBXBuildFile; fileRef = 7870872E258F369900D454A8 /* Color.swift */; };
		78708738258F551500D454A8 /* Toast.swift in Sources */ = {isa = PBXBuildFile; fileRef = 78708737258F551500D454A8 /* Toast.swift */; };
		787A0464258BD8050018A232 /* BookManager.swift in Sources */ = {isa = PBXBuildFile; fileRef = 787A0463258BD8050018A232 /* BookManager.swift */; };
		789CBC3025889E76001D11B1 /* ShopDetailViewController.swift in Sources */ = {isa = PBXBuildFile; fileRef = 789CBC2F25889E76001D11B1 /* ShopDetailViewController.swift */; };
		78A758882581D34B006FAFB1 /* DesignElements.swift in Sources */ = {isa = PBXBuildFile; fileRef = 78A758872581D34B006FAFB1 /* DesignElements.swift */; };
		78BCC847259D910C00E7028D /* ThemeCollectionViewCell.swift in Sources */ = {isa = PBXBuildFile; fileRef = 78BCC846259D910C00E7028D /* ThemeCollectionViewCell.swift */; };
		78C0E19D258317F300FC3842 /* BookSelectingViewController.swift in Sources */ = {isa = PBXBuildFile; fileRef = 78C0E19C258317F300FC3842 /* BookSelectingViewController.swift */; };
		78DC8179258B0A2600C6C2D3 /* Template.swift in Sources */ = {isa = PBXBuildFile; fileRef = 78DC8178258B0A2600C6C2D3 /* Template.swift */; };
		78DC817E258B12C700C6C2D3 /* FirebaseAPI.swift in Sources */ = {isa = PBXBuildFile; fileRef = 78DC817D258B12C700C6C2D3 /* FirebaseAPI.swift */; };
		78E9088925820F4400944B60 /* Book.swift in Sources */ = {isa = PBXBuildFile; fileRef = 78E9088825820F4400944B60 /* Book.swift */; };
		78E9088E25822B4200944B60 /* MainPageViewController.swift in Sources */ = {isa = PBXBuildFile; fileRef = 78E9088D25822B4200944B60 /* MainPageViewController.swift */; };
		78E9089F25822F9900944B60 /* Question.swift in Sources */ = {isa = PBXBuildFile; fileRef = 78E9089E25822F9900944B60 /* Question.swift */; };
		78E908B52582726D00944B60 /* EditableImageView.swift in Sources */ = {isa = PBXBuildFile; fileRef = 78E908B42582726D00944B60 /* EditableImageView.swift */; };
		78EAE0532591C1FE007E79BA /* OFV_ContainerCollectionViewCell.swift in Sources */ = {isa = PBXBuildFile; fileRef = 78EAE0522591C1FE007E79BA /* OFV_ContainerCollectionViewCell.swift */; };
		78EE1FF225A2841E00366F6E /* PurchaseViewController.swift in Sources */ = {isa = PBXBuildFile; fileRef = 78EE1FF125A2841E00366F6E /* PurchaseViewController.swift */; };
		78EFE36325963B6B0068407F /* ThemeIndexViewController.swift in Sources */ = {isa = PBXBuildFile; fileRef = 78EFE36225963B6B0068407F /* ThemeIndexViewController.swift */; };
		78FE241325879E6700E4BE31 /* BookFlowLayout.swift in Sources */ = {isa = PBXBuildFile; fileRef = 78FE241225879E6700E4BE31 /* BookFlowLayout.swift */; };
		78FE24202587A70A00E4BE31 /* ShopCell.xib in Resources */ = {isa = PBXBuildFile; fileRef = 78FE241F2587A70A00E4BE31 /* ShopCell.xib */; };
		78FE24252587A89700E4BE31 /* ShopCell.swift in Sources */ = {isa = PBXBuildFile; fileRef = 78FE24242587A89700E4BE31 /* ShopCell.swift */; };
		FC64958C2F4440F45C295376 /* Pods_onepageadayUITests.framework in Frameworks */ = {isa = PBXBuildFile; fileRef = D83FA12F6CA02CBA968E6259 /* Pods_onepageadayUITests.framework */; };
/* End PBXBuildFile section */

/* Begin PBXContainerItemProxy section */
		7840E31B257FAAA8009B216B /* PBXContainerItemProxy */ = {
			isa = PBXContainerItemProxy;
			containerPortal = 7840E2FC257FAA9E009B216B /* Project object */;
			proxyType = 1;
			remoteGlobalIDString = 7840E303257FAA9E009B216B;
			remoteInfo = onepageaday;
		};
		7840E326257FAAA8009B216B /* PBXContainerItemProxy */ = {
			isa = PBXContainerItemProxy;
			containerPortal = 7840E2FC257FAA9E009B216B /* Project object */;
			proxyType = 1;
			remoteGlobalIDString = 7840E303257FAA9E009B216B;
			remoteInfo = onepageaday;
		};
/* End PBXContainerItemProxy section */

/* Begin PBXFileReference section */
		01A53C2B6ECB1D0EB97E8531 /* Pods-onepageadayUITests.release.xcconfig */ = {isa = PBXFileReference; includeInIndex = 1; lastKnownFileType = text.xcconfig; name = "Pods-onepageadayUITests.release.xcconfig"; path = "Pods/Target Support Files/Pods-onepageadayUITests/Pods-onepageadayUITests.release.xcconfig"; sourceTree = "<group>"; };
		28E54BDF9D99E02EF3FCACB7 /* Pods-onepageaday.release.xcconfig */ = {isa = PBXFileReference; includeInIndex = 1; lastKnownFileType = text.xcconfig; name = "Pods-onepageaday.release.xcconfig"; path = "Pods/Target Support Files/Pods-onepageaday/Pods-onepageaday.release.xcconfig"; sourceTree = "<group>"; };
		4BCC35ADE6CE9260CDE33DFE /* Pods-onepageaday.debug.xcconfig */ = {isa = PBXFileReference; includeInIndex = 1; lastKnownFileType = text.xcconfig; name = "Pods-onepageaday.debug.xcconfig"; path = "Pods/Target Support Files/Pods-onepageaday/Pods-onepageaday.debug.xcconfig"; sourceTree = "<group>"; };
		78001F69258B889600102D27 /* PKDrawing.swift */ = {isa = PBXFileReference; lastKnownFileType = sourcecode.swift; path = PKDrawing.swift; sourceTree = "<group>"; };
		78075CCC25909D3C00EC9139 /* Array.swift */ = {isa = PBXFileReference; lastKnownFileType = sourcecode.swift; path = Array.swift; sourceTree = "<group>"; };
		782685462587106E00F0A295 /* GiphyAPI.swift */ = {isa = PBXFileReference; lastKnownFileType = sourcecode.swift; path = GiphyAPI.swift; sourceTree = "<group>"; };
		7826855B2587114E00F0A295 /* API.swift */ = {isa = PBXFileReference; lastKnownFileType = sourcecode.swift; path = API.swift; sourceTree = "<group>"; };
		78273C022591C11900805B59 /* OFV_IndexViewController.swift */ = {isa = PBXFileReference; lastKnownFileType = sourcecode.swift; path = OFV_IndexViewController.swift; sourceTree = "<group>"; };
		78365CDF259F097D00CACE52 /* ShopHashTagPickViewController.swift */ = {isa = PBXFileReference; lastKnownFileType = sourcecode.swift; path = ShopHashTagPickViewController.swift; sourceTree = "<group>"; };
		78365CE7259F0BC000CACE52 /* ShopItems.swift */ = {isa = PBXFileReference; lastKnownFileType = sourcecode.swift; path = ShopItems.swift; sourceTree = "<group>"; };
		7840E304257FAA9E009B216B /* onepageaday.app */ = {isa = PBXFileReference; explicitFileType = wrapper.application; includeInIndex = 0; path = onepageaday.app; sourceTree = BUILT_PRODUCTS_DIR; };
		7840E307257FAA9E009B216B /* AppDelegate.swift */ = {isa = PBXFileReference; lastKnownFileType = sourcecode.swift; path = AppDelegate.swift; sourceTree = "<group>"; };
		7840E309257FAA9E009B216B /* SceneDelegate.swift */ = {isa = PBXFileReference; lastKnownFileType = sourcecode.swift; path = SceneDelegate.swift; sourceTree = "<group>"; };
		7840E30B257FAA9E009B216B /* MainViewController.swift */ = {isa = PBXFileReference; lastKnownFileType = sourcecode.swift; path = MainViewController.swift; sourceTree = "<group>"; };
		7840E30E257FAA9E009B216B /* Base */ = {isa = PBXFileReference; lastKnownFileType = file.storyboard; name = Base; path = Base.lproj/Main.storyboard; sourceTree = "<group>"; };
		7840E310257FAAA7009B216B /* Assets.xcassets */ = {isa = PBXFileReference; lastKnownFileType = folder.assetcatalog; path = Assets.xcassets; sourceTree = "<group>"; };
		7840E313257FAAA7009B216B /* Base */ = {isa = PBXFileReference; lastKnownFileType = file.storyboard; name = Base; path = Base.lproj/LaunchScreen.storyboard; sourceTree = "<group>"; };
		7840E315257FAAA7009B216B /* Info.plist */ = {isa = PBXFileReference; lastKnownFileType = text.plist.xml; path = Info.plist; sourceTree = "<group>"; };
		7840E31A257FAAA8009B216B /* onepageadayTests.xctest */ = {isa = PBXFileReference; explicitFileType = wrapper.cfbundle; includeInIndex = 0; path = onepageadayTests.xctest; sourceTree = BUILT_PRODUCTS_DIR; };
		7840E31E257FAAA8009B216B /* onepageadayTests.swift */ = {isa = PBXFileReference; lastKnownFileType = sourcecode.swift; path = onepageadayTests.swift; sourceTree = "<group>"; };
		7840E320257FAAA8009B216B /* Info.plist */ = {isa = PBXFileReference; lastKnownFileType = text.plist.xml; path = Info.plist; sourceTree = "<group>"; };
		7840E325257FAAA8009B216B /* onepageadayUITests.xctest */ = {isa = PBXFileReference; explicitFileType = wrapper.cfbundle; includeInIndex = 0; path = onepageadayUITests.xctest; sourceTree = BUILT_PRODUCTS_DIR; };
		7840E329257FAAA8009B216B /* onepageadayUITests.swift */ = {isa = PBXFileReference; lastKnownFileType = sourcecode.swift; path = onepageadayUITests.swift; sourceTree = "<group>"; };
		7840E32B257FAAA8009B216B /* Info.plist */ = {isa = PBXFileReference; lastKnownFileType = text.plist.xml; path = Info.plist; sourceTree = "<group>"; };
		784E79262595BB0C0075B51D /* Constant.swift */ = {isa = PBXFileReference; lastKnownFileType = sourcecode.swift; path = Constant.swift; sourceTree = "<group>"; };
		7853DC762587AAD900600F6A /* ShopViewController.swift */ = {isa = PBXFileReference; lastKnownFileType = sourcecode.swift; path = ShopViewController.swift; sourceTree = "<group>"; };
		78576E8D257FDEF7006F0B3F /* EditableTextView.swift */ = {isa = PBXFileReference; lastKnownFileType = sourcecode.swift; path = EditableTextView.swift; sourceTree = "<group>"; };
		7861CB25258FA7B50035D29E /* StickerCell.swift */ = {isa = PBXFileReference; lastKnownFileType = sourcecode.swift; path = StickerCell.swift; sourceTree = "<group>"; };
		7861CB2D258FA87D0035D29E /* StickerViewController.swift */ = {isa = PBXFileReference; lastKnownFileType = sourcecode.swift; path = StickerViewController.swift; sourceTree = "<group>"; };
		7863C9BE2588589500B5773D /* BookCell.xib */ = {isa = PBXFileReference; lastKnownFileType = file.xib; path = BookCell.xib; sourceTree = "<group>"; };
		7863C9C32588596600B5773D /* BookCell.swift */ = {isa = PBXFileReference; lastKnownFileType = sourcecode.swift; path = BookCell.swift; sourceTree = "<group>"; };
		786769C125B127A100E63EC3 /* File.swift */ = {isa = PBXFileReference; lastKnownFileType = sourcecode.swift; path = File.swift; sourceTree = "<group>"; };
		787086B7258C448D00D454A8 /* LoginViewController.swift */ = {isa = PBXFileReference; lastKnownFileType = sourcecode.swift; path = LoginViewController.swift; sourceTree = "<group>"; };
		787086BC258C452400D454A8 /* onepageaday.entitlements */ = {isa = PBXFileReference; lastKnownFileType = text.plist.entitlements; path = onepageaday.entitlements; sourceTree = "<group>"; };
		787086C6258C475100D454A8 /* GoogleService-Info.plist */ = {isa = PBXFileReference; fileEncoding = 4; lastKnownFileType = text.plist.xml; path = "GoogleService-Info.plist"; sourceTree = "<group>"; };
		787086DC258C915100D454A8 /* ShopItem.swift */ = {isa = PBXFileReference; lastKnownFileType = sourcecode.swift; path = ShopItem.swift; sourceTree = "<group>"; };
		787086FF258D90A400D454A8 /* Device.swift */ = {isa = PBXFileReference; lastKnownFileType = sourcecode.swift; path = Device.swift; sourceTree = "<group>"; };
		78708704258DDB3A00D454A8 /* Date.swift */ = {isa = PBXFileReference; lastKnownFileType = sourcecode.swift; path = Date.swift; sourceTree = "<group>"; };
		7870870A258F139300D454A8 /* UIView.swift */ = {isa = PBXFileReference; lastKnownFileType = sourcecode.swift; path = UIView.swift; sourceTree = "<group>"; };
		7870871C258F1D2600D454A8 /* OFV_MainView.swift */ = {isa = PBXFileReference; lastKnownFileType = sourcecode.swift; path = OFV_MainView.swift; sourceTree = "<group>"; };
		78708721258F1FD300D454A8 /* OFV_TextView.swift */ = {isa = PBXFileReference; lastKnownFileType = sourcecode.swift; path = OFV_TextView.swift; sourceTree = "<group>"; };
		78708729258F20A500D454A8 /* OFV_ImageView.swift */ = {isa = PBXFileReference; lastKnownFileType = sourcecode.swift; path = OFV_ImageView.swift; sourceTree = "<group>"; };
		7870872E258F369900D454A8 /* Color.swift */ = {isa = PBXFileReference; lastKnownFileType = sourcecode.swift; path = Color.swift; sourceTree = "<group>"; };
		78708737258F551500D454A8 /* Toast.swift */ = {isa = PBXFileReference; lastKnownFileType = sourcecode.swift; path = Toast.swift; sourceTree = "<group>"; };
		787A0463258BD8050018A232 /* BookManager.swift */ = {isa = PBXFileReference; lastKnownFileType = sourcecode.swift; path = BookManager.swift; sourceTree = "<group>"; };
		789CBC2F25889E76001D11B1 /* ShopDetailViewController.swift */ = {isa = PBXFileReference; lastKnownFileType = sourcecode.swift; path = ShopDetailViewController.swift; sourceTree = "<group>"; };
		78A758872581D34B006FAFB1 /* DesignElements.swift */ = {isa = PBXFileReference; lastKnownFileType = sourcecode.swift; path = DesignElements.swift; sourceTree = "<group>"; };
		78BCC846259D910C00E7028D /* ThemeCollectionViewCell.swift */ = {isa = PBXFileReference; lastKnownFileType = sourcecode.swift; path = ThemeCollectionViewCell.swift; sourceTree = "<group>"; };
		78C0E19C258317F300FC3842 /* BookSelectingViewController.swift */ = {isa = PBXFileReference; lastKnownFileType = sourcecode.swift; path = BookSelectingViewController.swift; sourceTree = "<group>"; };
		78DC8178258B0A2600C6C2D3 /* Template.swift */ = {isa = PBXFileReference; lastKnownFileType = sourcecode.swift; path = Template.swift; sourceTree = "<group>"; };
		78DC817D258B12C700C6C2D3 /* FirebaseAPI.swift */ = {isa = PBXFileReference; lastKnownFileType = sourcecode.swift; path = FirebaseAPI.swift; sourceTree = "<group>"; };
		78E9088825820F4400944B60 /* Book.swift */ = {isa = PBXFileReference; lastKnownFileType = sourcecode.swift; path = Book.swift; sourceTree = "<group>"; };
		78E9088D25822B4200944B60 /* MainPageViewController.swift */ = {isa = PBXFileReference; lastKnownFileType = sourcecode.swift; path = MainPageViewController.swift; sourceTree = "<group>"; };
		78E9089E25822F9900944B60 /* Question.swift */ = {isa = PBXFileReference; lastKnownFileType = sourcecode.swift; path = Question.swift; sourceTree = "<group>"; };
		78E908B42582726D00944B60 /* EditableImageView.swift */ = {isa = PBXFileReference; lastKnownFileType = sourcecode.swift; path = EditableImageView.swift; sourceTree = "<group>"; };
		78EAE0522591C1FE007E79BA /* OFV_ContainerCollectionViewCell.swift */ = {isa = PBXFileReference; lastKnownFileType = sourcecode.swift; path = OFV_ContainerCollectionViewCell.swift; sourceTree = "<group>"; };
		78EE1FF125A2841E00366F6E /* PurchaseViewController.swift */ = {isa = PBXFileReference; lastKnownFileType = sourcecode.swift; name = PurchaseViewController.swift; path = onepageaday/UI/ViewControllers/Popup/PurchaseViewController.swift; sourceTree = SOURCE_ROOT; };
		78EFE36225963B6B0068407F /* ThemeIndexViewController.swift */ = {isa = PBXFileReference; lastKnownFileType = sourcecode.swift; path = ThemeIndexViewController.swift; sourceTree = "<group>"; };
		78FE241225879E6700E4BE31 /* BookFlowLayout.swift */ = {isa = PBXFileReference; lastKnownFileType = sourcecode.swift; path = BookFlowLayout.swift; sourceTree = "<group>"; };
		78FE241F2587A70A00E4BE31 /* ShopCell.xib */ = {isa = PBXFileReference; lastKnownFileType = file.xib; path = ShopCell.xib; sourceTree = "<group>"; };
		78FE24242587A89700E4BE31 /* ShopCell.swift */ = {isa = PBXFileReference; lastKnownFileType = sourcecode.swift; path = ShopCell.swift; sourceTree = "<group>"; };
		93C4E3F7E20163E22CDECD54 /* Pods-onepageadayUITests.debug.xcconfig */ = {isa = PBXFileReference; includeInIndex = 1; lastKnownFileType = text.xcconfig; name = "Pods-onepageadayUITests.debug.xcconfig"; path = "Pods/Target Support Files/Pods-onepageadayUITests/Pods-onepageadayUITests.debug.xcconfig"; sourceTree = "<group>"; };
		9C74AFD64759C6A0C56D2751 /* Pods-onepageadayTests.debug.xcconfig */ = {isa = PBXFileReference; includeInIndex = 1; lastKnownFileType = text.xcconfig; name = "Pods-onepageadayTests.debug.xcconfig"; path = "Pods/Target Support Files/Pods-onepageadayTests/Pods-onepageadayTests.debug.xcconfig"; sourceTree = "<group>"; };
		B58F968AA3BF7B7F040A295E /* Pods-onepageadayTests.release.xcconfig */ = {isa = PBXFileReference; includeInIndex = 1; lastKnownFileType = text.xcconfig; name = "Pods-onepageadayTests.release.xcconfig"; path = "Pods/Target Support Files/Pods-onepageadayTests/Pods-onepageadayTests.release.xcconfig"; sourceTree = "<group>"; };
		C9DFDEE0EEE9B60A7F305482 /* Pods_onepageadayTests.framework */ = {isa = PBXFileReference; explicitFileType = wrapper.framework; includeInIndex = 0; path = Pods_onepageadayTests.framework; sourceTree = BUILT_PRODUCTS_DIR; };
		D4B928A1E391D0234C9506F1 /* Pods_onepageaday.framework */ = {isa = PBXFileReference; explicitFileType = wrapper.framework; includeInIndex = 0; path = Pods_onepageaday.framework; sourceTree = BUILT_PRODUCTS_DIR; };
		D83FA12F6CA02CBA968E6259 /* Pods_onepageadayUITests.framework */ = {isa = PBXFileReference; explicitFileType = wrapper.framework; includeInIndex = 0; path = Pods_onepageadayUITests.framework; sourceTree = BUILT_PRODUCTS_DIR; };
/* End PBXFileReference section */

/* Begin PBXFrameworksBuildPhase section */
		7840E301257FAA9E009B216B /* Frameworks */ = {
			isa = PBXFrameworksBuildPhase;
			buildActionMask = 2147483647;
			files = (
				003ECB047CDCC05809B8F912 /* Pods_onepageaday.framework in Frameworks */,
			);
			runOnlyForDeploymentPostprocessing = 0;
		};
		7840E317257FAAA8009B216B /* Frameworks */ = {
			isa = PBXFrameworksBuildPhase;
			buildActionMask = 2147483647;
			files = (
				6F2A1475C2164726B48F0622 /* Pods_onepageadayTests.framework in Frameworks */,
			);
			runOnlyForDeploymentPostprocessing = 0;
		};
		7840E322257FAAA8009B216B /* Frameworks */ = {
			isa = PBXFrameworksBuildPhase;
			buildActionMask = 2147483647;
			files = (
				FC64958C2F4440F45C295376 /* Pods_onepageadayUITests.framework in Frameworks */,
			);
			runOnlyForDeploymentPostprocessing = 0;
		};
/* End PBXFrameworksBuildPhase section */

/* Begin PBXGroup section */
		78001F6E258B8EEB00102D27 /* Struct */ = {
			isa = PBXGroup;
			children = (
				78A758872581D34B006FAFB1 /* DesignElements.swift */,
				78E9088825820F4400944B60 /* Book.swift */,
				78E9089E25822F9900944B60 /* Question.swift */,
				78DC8178258B0A2600C6C2D3 /* Template.swift */,
				787086DC258C915100D454A8 /* ShopItem.swift */,
			);
			path = Struct;
			sourceTree = "<group>";
		};
		782685452587105400F0A295 /* Network */ = {
			isa = PBXGroup;
			children = (
				782685462587106E00F0A295 /* GiphyAPI.swift */,
				78DC817D258B12C700C6C2D3 /* FirebaseAPI.swift */,
				7826855B2587114E00F0A295 /* API.swift */,
			);
			path = Network;
			sourceTree = "<group>";
		};
		7840E2FB257FAA9E009B216B = {
			isa = PBXGroup;
			children = (
				7840E306257FAA9E009B216B /* onepageaday */,
				7840E31D257FAAA8009B216B /* onepageadayTests */,
				7840E328257FAAA8009B216B /* onepageadayUITests */,
				7840E305257FAA9E009B216B /* Products */,
				81AE709A8BCBC43367F4432A /* Pods */,
				BE9DB7575B536312E9AA7404 /* Frameworks */,
			);
			sourceTree = "<group>";
		};
		7840E305257FAA9E009B216B /* Products */ = {
			isa = PBXGroup;
			children = (
				7840E304257FAA9E009B216B /* onepageaday.app */,
				7840E31A257FAAA8009B216B /* onepageadayTests.xctest */,
				7840E325257FAAA8009B216B /* onepageadayUITests.xctest */,
			);
			name = Products;
			sourceTree = "<group>";
		};
		7840E306257FAA9E009B216B /* onepageaday */ = {
			isa = PBXGroup;
			children = (
				787086BC258C452400D454A8 /* onepageaday.entitlements */,
				7840E315257FAAA7009B216B /* Info.plist */,
				787086C6258C475100D454A8 /* GoogleService-Info.plist */,
				7840E307257FAA9E009B216B /* AppDelegate.swift */,
				7840E309257FAA9E009B216B /* SceneDelegate.swift */,
				78E908A92582719800944B60 /* UI */,
				78E908A82582718E00944B60 /* Supporting Files */,
				78E908A72582718500944B60 /* Resources */,
				78E908A62582717A00944B60 /* Components */,
			);
			path = onepageaday;
			sourceTree = "<group>";
		};
		7840E31D257FAAA8009B216B /* onepageadayTests */ = {
			isa = PBXGroup;
			children = (
				7840E31E257FAAA8009B216B /* onepageadayTests.swift */,
				7840E320257FAAA8009B216B /* Info.plist */,
			);
			path = onepageadayTests;
			sourceTree = "<group>";
		};
		7840E328257FAAA8009B216B /* onepageadayUITests */ = {
			isa = PBXGroup;
			children = (
				7840E329257FAAA8009B216B /* onepageadayUITests.swift */,
				7840E32B257FAAA8009B216B /* Info.plist */,
			);
			path = onepageadayUITests;
			sourceTree = "<group>";
		};
		7861CB24258FA79A0035D29E /* Shop */ = {
			isa = PBXGroup;
			children = (
				78365CDF259F097D00CACE52 /* ShopHashTagPickViewController.swift */,
				7853DC762587AAD900600F6A /* ShopViewController.swift */,
				789CBC2F25889E76001D11B1 /* ShopDetailViewController.swift */,
			);
			path = Shop;
			sourceTree = "<group>";
		};
		7870871B258F1D0C00D454A8 /* OnlyForView */ = {
			isa = PBXGroup;
			children = (
				78273C022591C11900805B59 /* OFV_IndexViewController.swift */,
				7870871C258F1D2600D454A8 /* OFV_MainView.swift */,
				78708721258F1FD300D454A8 /* OFV_TextView.swift */,
				78708729258F20A500D454A8 /* OFV_ImageView.swift */,
				78EAE0522591C1FE007E79BA /* OFV_ContainerCollectionViewCell.swift */,
			);
			path = OnlyForView;
			sourceTree = "<group>";
		};
		7882DA0C25A0115000A77C94 /* Popup */ = {
			isa = PBXGroup;
			children = (
				78EE1FF125A2841E00366F6E /* PurchaseViewController.swift */,
			);
			path = Popup;
			sourceTree = "<group>";
		};
		78BCC84B259D984A00E7028D /* Social */ = {
			isa = PBXGroup;
			children = (
				78EFE36225963B6B0068407F /* ThemeIndexViewController.swift */,
			);
			path = Social;
			sourceTree = "<group>";
		};
		78E908A62582717A00944B60 /* Components */ = {
			isa = PBXGroup;
			children = (
				78001F6E258B8EEB00102D27 /* Struct */,
				782685452587105400F0A295 /* Network */,
				78E908B22582722400944B60 /* Model */,
				784E79262595BB0C0075B51D /* Constant.swift */,
				787086FF258D90A400D454A8 /* Device.swift */,
			);
			path = Components;
			sourceTree = "<group>";
		};
		78E908A72582718500944B60 /* Resources */ = {
			isa = PBXGroup;
			children = (
				78365CE7259F0BC000CACE52 /* ShopItems.swift */,
				7840E310257FAAA7009B216B /* Assets.xcassets */,
			);
			path = Resources;
			sourceTree = "<group>";
		};
		78E908A82582718E00944B60 /* Supporting Files */ = {
			isa = PBXGroup;
			children = (
				78001F69258B889600102D27 /* PKDrawing.swift */,
				78708704258DDB3A00D454A8 /* Date.swift */,
				7870870A258F139300D454A8 /* UIView.swift */,
				7870872E258F369900D454A8 /* Color.swift */,
				78708737258F551500D454A8 /* Toast.swift */,
				78075CCC25909D3C00EC9139 /* Array.swift */,
				786769C125B127A100E63EC3 /* File.swift */,
			);
			path = "Supporting Files";
			sourceTree = "<group>";
		};
		78E908A92582719800944B60 /* UI */ = {
			isa = PBXGroup;
			children = (
				7870871B258F1D0C00D454A8 /* OnlyForView */,
				78E908B32582724400944B60 /* ViewControllers */,
				78E908B1258271C200944B60 /* Storyboards */,
				78E908B0258271BA00944B60 /* Views */,
			);
			path = UI;
			sourceTree = "<group>";
		};
		78E908B0258271BA00944B60 /* Views */ = {
			isa = PBXGroup;
			children = (
				78BCC846259D910C00E7028D /* ThemeCollectionViewCell.swift */,
				78576E8D257FDEF7006F0B3F /* EditableTextView.swift */,
				78E908B42582726D00944B60 /* EditableImageView.swift */,
				78FE241225879E6700E4BE31 /* BookFlowLayout.swift */,
				7863C9C32588596600B5773D /* BookCell.swift */,
				78FE24242587A89700E4BE31 /* ShopCell.swift */,
				7861CB25258FA7B50035D29E /* StickerCell.swift */,
			);
			path = Views;
			sourceTree = "<group>";
		};
		78E908B1258271C200944B60 /* Storyboards */ = {
			isa = PBXGroup;
			children = (
				7840E312257FAAA7009B216B /* LaunchScreen.storyboard */,
				7840E30D257FAA9E009B216B /* Main.storyboard */,
				78FE241F2587A70A00E4BE31 /* ShopCell.xib */,
				7863C9BE2588589500B5773D /* BookCell.xib */,
			);
			path = Storyboards;
			sourceTree = "<group>";
		};
		78E908B22582722400944B60 /* Model */ = {
			isa = PBXGroup;
			children = (
				787A0463258BD8050018A232 /* BookManager.swift */,
			);
			path = Model;
			sourceTree = "<group>";
		};
		78E908B32582724400944B60 /* ViewControllers */ = {
			isa = PBXGroup;
			children = (
				7882DA0C25A0115000A77C94 /* Popup */,
				78BCC84B259D984A00E7028D /* Social */,
				787086B7258C448D00D454A8 /* LoginViewController.swift */,
				7861CB24258FA79A0035D29E /* Shop */,
				78C0E19C258317F300FC3842 /* BookSelectingViewController.swift */,
				78E9088D25822B4200944B60 /* MainPageViewController.swift */,
				7840E30B257FAA9E009B216B /* MainViewController.swift */,
				7861CB2D258FA87D0035D29E /* StickerViewController.swift */,
			);
			path = ViewControllers;
			sourceTree = "<group>";
		};
		81AE709A8BCBC43367F4432A /* Pods */ = {
			isa = PBXGroup;
			children = (
				4BCC35ADE6CE9260CDE33DFE /* Pods-onepageaday.debug.xcconfig */,
				28E54BDF9D99E02EF3FCACB7 /* Pods-onepageaday.release.xcconfig */,
				9C74AFD64759C6A0C56D2751 /* Pods-onepageadayTests.debug.xcconfig */,
				B58F968AA3BF7B7F040A295E /* Pods-onepageadayTests.release.xcconfig */,
				93C4E3F7E20163E22CDECD54 /* Pods-onepageadayUITests.debug.xcconfig */,
				01A53C2B6ECB1D0EB97E8531 /* Pods-onepageadayUITests.release.xcconfig */,
			);
			name = Pods;
			sourceTree = "<group>";
		};
		BE9DB7575B536312E9AA7404 /* Frameworks */ = {
			isa = PBXGroup;
			children = (
				D4B928A1E391D0234C9506F1 /* Pods_onepageaday.framework */,
				C9DFDEE0EEE9B60A7F305482 /* Pods_onepageadayTests.framework */,
				D83FA12F6CA02CBA968E6259 /* Pods_onepageadayUITests.framework */,
			);
			name = Frameworks;
			sourceTree = "<group>";
		};
/* End PBXGroup section */

/* Begin PBXNativeTarget section */
		7840E303257FAA9E009B216B /* onepageaday */ = {
			isa = PBXNativeTarget;
			buildConfigurationList = 7840E32E257FAAA8009B216B /* Build configuration list for PBXNativeTarget "onepageaday" */;
			buildPhases = (
				76F29CC989A9CB9D86FD8C70 /* [CP] Check Pods Manifest.lock */,
				7840E300257FAA9E009B216B /* Sources */,
				7840E301257FAA9E009B216B /* Frameworks */,
				7840E302257FAA9E009B216B /* Resources */,
				443027EEBD680218C0A54AD3 /* [CP] Embed Pods Frameworks */,
			);
			buildRules = (
			);
			dependencies = (
			);
			name = onepageaday;
			productName = onepageaday;
			productReference = 7840E304257FAA9E009B216B /* onepageaday.app */;
			productType = "com.apple.product-type.application";
		};
		7840E319257FAAA8009B216B /* onepageadayTests */ = {
			isa = PBXNativeTarget;
			buildConfigurationList = 7840E331257FAAA8009B216B /* Build configuration list for PBXNativeTarget "onepageadayTests" */;
			buildPhases = (
				2A6A7BBFDEF451CD332FFCD8 /* [CP] Check Pods Manifest.lock */,
				7840E316257FAAA8009B216B /* Sources */,
				7840E317257FAAA8009B216B /* Frameworks */,
				7840E318257FAAA8009B216B /* Resources */,
			);
			buildRules = (
			);
			dependencies = (
				7840E31C257FAAA8009B216B /* PBXTargetDependency */,
			);
			name = onepageadayTests;
			productName = onepageadayTests;
			productReference = 7840E31A257FAAA8009B216B /* onepageadayTests.xctest */;
			productType = "com.apple.product-type.bundle.unit-test";
		};
		7840E324257FAAA8009B216B /* onepageadayUITests */ = {
			isa = PBXNativeTarget;
			buildConfigurationList = 7840E334257FAAA8009B216B /* Build configuration list for PBXNativeTarget "onepageadayUITests" */;
			buildPhases = (
				9118435064B52C8544C83C6D /* [CP] Check Pods Manifest.lock */,
				7840E321257FAAA8009B216B /* Sources */,
				7840E322257FAAA8009B216B /* Frameworks */,
				7840E323257FAAA8009B216B /* Resources */,
			);
			buildRules = (
			);
			dependencies = (
				7840E327257FAAA8009B216B /* PBXTargetDependency */,
			);
			name = onepageadayUITests;
			productName = onepageadayUITests;
			productReference = 7840E325257FAAA8009B216B /* onepageadayUITests.xctest */;
			productType = "com.apple.product-type.bundle.ui-testing";
		};
/* End PBXNativeTarget section */

/* Begin PBXProject section */
		7840E2FC257FAA9E009B216B /* Project object */ = {
			isa = PBXProject;
			attributes = {
				LastSwiftUpdateCheck = 1220;
				LastUpgradeCheck = 1220;
				TargetAttributes = {
					7840E303257FAA9E009B216B = {
						CreatedOnToolsVersion = 12.2;
					};
					7840E319257FAAA8009B216B = {
						CreatedOnToolsVersion = 12.2;
						TestTargetID = 7840E303257FAA9E009B216B;
					};
					7840E324257FAAA8009B216B = {
						CreatedOnToolsVersion = 12.2;
						TestTargetID = 7840E303257FAA9E009B216B;
					};
				};
			};
			buildConfigurationList = 7840E2FF257FAA9E009B216B /* Build configuration list for PBXProject "onepageaday" */;
			compatibilityVersion = "Xcode 9.3";
			developmentRegion = en;
			hasScannedForEncodings = 0;
			knownRegions = (
				en,
				Base,
			);
			mainGroup = 7840E2FB257FAA9E009B216B;
			productRefGroup = 7840E305257FAA9E009B216B /* Products */;
			projectDirPath = "";
			projectRoot = "";
			targets = (
				7840E303257FAA9E009B216B /* onepageaday */,
				7840E319257FAAA8009B216B /* onepageadayTests */,
				7840E324257FAAA8009B216B /* onepageadayUITests */,
			);
		};
/* End PBXProject section */

/* Begin PBXResourcesBuildPhase section */
		7840E302257FAA9E009B216B /* Resources */ = {
			isa = PBXResourcesBuildPhase;
			buildActionMask = 2147483647;
			files = (
				7840E314257FAAA7009B216B /* LaunchScreen.storyboard in Resources */,
				7840E311257FAAA7009B216B /* Assets.xcassets in Resources */,
				7863C9BF2588589500B5773D /* BookCell.xib in Resources */,
				78FE24202587A70A00E4BE31 /* ShopCell.xib in Resources */,
				7840E30F257FAA9E009B216B /* Main.storyboard in Resources */,
				787086C7258C475100D454A8 /* GoogleService-Info.plist in Resources */,
			);
			runOnlyForDeploymentPostprocessing = 0;
		};
		7840E318257FAAA8009B216B /* Resources */ = {
			isa = PBXResourcesBuildPhase;
			buildActionMask = 2147483647;
			files = (
			);
			runOnlyForDeploymentPostprocessing = 0;
		};
		7840E323257FAAA8009B216B /* Resources */ = {
			isa = PBXResourcesBuildPhase;
			buildActionMask = 2147483647;
			files = (
			);
			runOnlyForDeploymentPostprocessing = 0;
		};
/* End PBXResourcesBuildPhase section */

/* Begin PBXShellScriptBuildPhase section */
		2A6A7BBFDEF451CD332FFCD8 /* [CP] Check Pods Manifest.lock */ = {
			isa = PBXShellScriptBuildPhase;
			buildActionMask = 2147483647;
			files = (
			);
			inputFileListPaths = (
			);
			inputPaths = (
				"${PODS_PODFILE_DIR_PATH}/Podfile.lock",
				"${PODS_ROOT}/Manifest.lock",
			);
			name = "[CP] Check Pods Manifest.lock";
			outputFileListPaths = (
			);
			outputPaths = (
				"$(DERIVED_FILE_DIR)/Pods-onepageadayTests-checkManifestLockResult.txt",
			);
			runOnlyForDeploymentPostprocessing = 0;
			shellPath = /bin/sh;
			shellScript = "diff \"${PODS_PODFILE_DIR_PATH}/Podfile.lock\" \"${PODS_ROOT}/Manifest.lock\" > /dev/null\nif [ $? != 0 ] ; then\n    # print error to STDERR\n    echo \"error: The sandbox is not in sync with the Podfile.lock. Run 'pod install' or update your CocoaPods installation.\" >&2\n    exit 1\nfi\n# This output is used by Xcode 'outputs' to avoid re-running this script phase.\necho \"SUCCESS\" > \"${SCRIPT_OUTPUT_FILE_0}\"\n";
			showEnvVarsInLog = 0;
		};
		443027EEBD680218C0A54AD3 /* [CP] Embed Pods Frameworks */ = {
			isa = PBXShellScriptBuildPhase;
			buildActionMask = 2147483647;
			files = (
			);
			inputFileListPaths = (
				"${PODS_ROOT}/Target Support Files/Pods-onepageaday/Pods-onepageaday-frameworks-${CONFIGURATION}-input-files.xcfilelist",
			);
			name = "[CP] Embed Pods Frameworks";
			outputFileListPaths = (
				"${PODS_ROOT}/Target Support Files/Pods-onepageaday/Pods-onepageaday-frameworks-${CONFIGURATION}-output-files.xcfilelist",
			);
			runOnlyForDeploymentPostprocessing = 0;
			shellPath = /bin/sh;
			shellScript = "\"${PODS_ROOT}/Target Support Files/Pods-onepageaday/Pods-onepageaday-frameworks.sh\"\n";
			showEnvVarsInLog = 0;
		};
		76F29CC989A9CB9D86FD8C70 /* [CP] Check Pods Manifest.lock */ = {
			isa = PBXShellScriptBuildPhase;
			buildActionMask = 2147483647;
			files = (
			);
			inputFileListPaths = (
			);
			inputPaths = (
				"${PODS_PODFILE_DIR_PATH}/Podfile.lock",
				"${PODS_ROOT}/Manifest.lock",
			);
			name = "[CP] Check Pods Manifest.lock";
			outputFileListPaths = (
			);
			outputPaths = (
				"$(DERIVED_FILE_DIR)/Pods-onepageaday-checkManifestLockResult.txt",
			);
			runOnlyForDeploymentPostprocessing = 0;
			shellPath = /bin/sh;
			shellScript = "diff \"${PODS_PODFILE_DIR_PATH}/Podfile.lock\" \"${PODS_ROOT}/Manifest.lock\" > /dev/null\nif [ $? != 0 ] ; then\n    # print error to STDERR\n    echo \"error: The sandbox is not in sync with the Podfile.lock. Run 'pod install' or update your CocoaPods installation.\" >&2\n    exit 1\nfi\n# This output is used by Xcode 'outputs' to avoid re-running this script phase.\necho \"SUCCESS\" > \"${SCRIPT_OUTPUT_FILE_0}\"\n";
			showEnvVarsInLog = 0;
		};
		9118435064B52C8544C83C6D /* [CP] Check Pods Manifest.lock */ = {
			isa = PBXShellScriptBuildPhase;
			buildActionMask = 2147483647;
			files = (
			);
			inputFileListPaths = (
			);
			inputPaths = (
				"${PODS_PODFILE_DIR_PATH}/Podfile.lock",
				"${PODS_ROOT}/Manifest.lock",
			);
			name = "[CP] Check Pods Manifest.lock";
			outputFileListPaths = (
			);
			outputPaths = (
				"$(DERIVED_FILE_DIR)/Pods-onepageadayUITests-checkManifestLockResult.txt",
			);
			runOnlyForDeploymentPostprocessing = 0;
			shellPath = /bin/sh;
			shellScript = "diff \"${PODS_PODFILE_DIR_PATH}/Podfile.lock\" \"${PODS_ROOT}/Manifest.lock\" > /dev/null\nif [ $? != 0 ] ; then\n    # print error to STDERR\n    echo \"error: The sandbox is not in sync with the Podfile.lock. Run 'pod install' or update your CocoaPods installation.\" >&2\n    exit 1\nfi\n# This output is used by Xcode 'outputs' to avoid re-running this script phase.\necho \"SUCCESS\" > \"${SCRIPT_OUTPUT_FILE_0}\"\n";
			showEnvVarsInLog = 0;
		};
/* End PBXShellScriptBuildPhase section */

/* Begin PBXSourcesBuildPhase section */
		7840E300257FAA9E009B216B /* Sources */ = {
			isa = PBXSourcesBuildPhase;
			buildActionMask = 2147483647;
			files = (
				78001F6A258B889600102D27 /* PKDrawing.swift in Sources */,
				7840E30C257FAA9E009B216B /* MainViewController.swift in Sources */,
				787086DD258C915100D454A8 /* ShopItem.swift in Sources */,
				78075CCD25909D3C00EC9139 /* Array.swift in Sources */,
				787A0464258BD8050018A232 /* BookManager.swift in Sources */,
				784E79272595BB0C0075B51D /* Constant.swift in Sources */,
				78576E8E257FDEF7006F0B3F /* EditableTextView.swift in Sources */,
				7870871D258F1D2600D454A8 /* OFV_MainView.swift in Sources */,
				7861CB2E258FA87D0035D29E /* StickerViewController.swift in Sources */,
				7863C9C42588596600B5773D /* BookCell.swift in Sources */,
				78DC817E258B12C700C6C2D3 /* FirebaseAPI.swift in Sources */,
				7870870B258F139300D454A8 /* UIView.swift in Sources */,
				782685472587106E00F0A295 /* GiphyAPI.swift in Sources */,
				78EAE0532591C1FE007E79BA /* OFV_ContainerCollectionViewCell.swift in Sources */,
				78365CE0259F097D00CACE52 /* ShopHashTagPickViewController.swift in Sources */,
				78E9088925820F4400944B60 /* Book.swift in Sources */,
				78E908B52582726D00944B60 /* EditableImageView.swift in Sources */,
				7840E308257FAA9E009B216B /* AppDelegate.swift in Sources */,
				78708705258DDB3A00D454A8 /* Date.swift in Sources */,
				78FE241325879E6700E4BE31 /* BookFlowLayout.swift in Sources */,
				789CBC3025889E76001D11B1 /* ShopDetailViewController.swift in Sources */,
				787086B8258C448D00D454A8 /* LoginViewController.swift in Sources */,
				78708738258F551500D454A8 /* Toast.swift in Sources */,
				78EE1FF225A2841E00366F6E /* PurchaseViewController.swift in Sources */,
				78E9088E25822B4200944B60 /* MainPageViewController.swift in Sources */,
				7853DC772587AAD900600F6A /* ShopViewController.swift in Sources */,
				7870872F258F369900D454A8 /* Color.swift in Sources */,
				78C0E19D258317F300FC3842 /* BookSelectingViewController.swift in Sources */,
				78BCC847259D910C00E7028D /* ThemeCollectionViewCell.swift in Sources */,
				78E9089F25822F9900944B60 /* Question.swift in Sources */,
				78A758882581D34B006FAFB1 /* DesignElements.swift in Sources */,
				78365CE8259F0BC000CACE52 /* ShopItems.swift in Sources */,
				7826855C2587114E00F0A295 /* API.swift in Sources */,
				78273C032591C11900805B59 /* OFV_IndexViewController.swift in Sources */,
				7870872A258F20A500D454A8 /* OFV_ImageView.swift in Sources */,
				78EFE36325963B6B0068407F /* ThemeIndexViewController.swift in Sources */,
				78DC8179258B0A2600C6C2D3 /* Template.swift in Sources */,
				786769C225B127A100E63EC3 /* File.swift in Sources */,
				7840E30A257FAA9E009B216B /* SceneDelegate.swift in Sources */,
				78708722258F1FD300D454A8 /* OFV_TextView.swift in Sources */,
				78FE24252587A89700E4BE31 /* ShopCell.swift in Sources */,
				7861CB26258FA7B50035D29E /* StickerCell.swift in Sources */,
				78708700258D90A400D454A8 /* Device.swift in Sources */,
			);
			runOnlyForDeploymentPostprocessing = 0;
		};
		7840E316257FAAA8009B216B /* Sources */ = {
			isa = PBXSourcesBuildPhase;
			buildActionMask = 2147483647;
			files = (
				7840E31F257FAAA8009B216B /* onepageadayTests.swift in Sources */,
			);
			runOnlyForDeploymentPostprocessing = 0;
		};
		7840E321257FAAA8009B216B /* Sources */ = {
			isa = PBXSourcesBuildPhase;
			buildActionMask = 2147483647;
			files = (
				7840E32A257FAAA8009B216B /* onepageadayUITests.swift in Sources */,
			);
			runOnlyForDeploymentPostprocessing = 0;
		};
/* End PBXSourcesBuildPhase section */

/* Begin PBXTargetDependency section */
		7840E31C257FAAA8009B216B /* PBXTargetDependency */ = {
			isa = PBXTargetDependency;
			target = 7840E303257FAA9E009B216B /* onepageaday */;
			targetProxy = 7840E31B257FAAA8009B216B /* PBXContainerItemProxy */;
		};
		7840E327257FAAA8009B216B /* PBXTargetDependency */ = {
			isa = PBXTargetDependency;
			target = 7840E303257FAA9E009B216B /* onepageaday */;
			targetProxy = 7840E326257FAAA8009B216B /* PBXContainerItemProxy */;
		};
/* End PBXTargetDependency section */

/* Begin PBXVariantGroup section */
		7840E30D257FAA9E009B216B /* Main.storyboard */ = {
			isa = PBXVariantGroup;
			children = (
				7840E30E257FAA9E009B216B /* Base */,
			);
			name = Main.storyboard;
			sourceTree = "<group>";
		};
		7840E312257FAAA7009B216B /* LaunchScreen.storyboard */ = {
			isa = PBXVariantGroup;
			children = (
				7840E313257FAAA7009B216B /* Base */,
			);
			name = LaunchScreen.storyboard;
			sourceTree = "<group>";
		};
/* End PBXVariantGroup section */

/* Begin XCBuildConfiguration section */
		7840E32C257FAAA8009B216B /* Debug */ = {
			isa = XCBuildConfiguration;
			buildSettings = {
				ALWAYS_SEARCH_USER_PATHS = NO;
				CLANG_ANALYZER_NONNULL = YES;
				CLANG_ANALYZER_NUMBER_OBJECT_CONVERSION = YES_AGGRESSIVE;
				CLANG_CXX_LANGUAGE_STANDARD = "gnu++14";
				CLANG_CXX_LIBRARY = "libc++";
				CLANG_ENABLE_MODULES = YES;
				CLANG_ENABLE_OBJC_ARC = YES;
				CLANG_ENABLE_OBJC_WEAK = YES;
				CLANG_WARN_BLOCK_CAPTURE_AUTORELEASING = YES;
				CLANG_WARN_BOOL_CONVERSION = YES;
				CLANG_WARN_COMMA = YES;
				CLANG_WARN_CONSTANT_CONVERSION = YES;
				CLANG_WARN_DEPRECATED_OBJC_IMPLEMENTATIONS = YES;
				CLANG_WARN_DIRECT_OBJC_ISA_USAGE = YES_ERROR;
				CLANG_WARN_DOCUMENTATION_COMMENTS = YES;
				CLANG_WARN_EMPTY_BODY = YES;
				CLANG_WARN_ENUM_CONVERSION = YES;
				CLANG_WARN_INFINITE_RECURSION = YES;
				CLANG_WARN_INT_CONVERSION = YES;
				CLANG_WARN_NON_LITERAL_NULL_CONVERSION = YES;
				CLANG_WARN_OBJC_IMPLICIT_RETAIN_SELF = YES;
				CLANG_WARN_OBJC_LITERAL_CONVERSION = YES;
				CLANG_WARN_OBJC_ROOT_CLASS = YES_ERROR;
				CLANG_WARN_QUOTED_INCLUDE_IN_FRAMEWORK_HEADER = YES;
				CLANG_WARN_RANGE_LOOP_ANALYSIS = YES;
				CLANG_WARN_STRICT_PROTOTYPES = YES;
				CLANG_WARN_SUSPICIOUS_MOVE = YES;
				CLANG_WARN_UNGUARDED_AVAILABILITY = YES_AGGRESSIVE;
				CLANG_WARN_UNREACHABLE_CODE = YES;
				CLANG_WARN__DUPLICATE_METHOD_MATCH = YES;
				COPY_PHASE_STRIP = NO;
				DEBUG_INFORMATION_FORMAT = dwarf;
				ENABLE_STRICT_OBJC_MSGSEND = YES;
				ENABLE_TESTABILITY = YES;
				GCC_C_LANGUAGE_STANDARD = gnu11;
				GCC_DYNAMIC_NO_PIC = NO;
				GCC_NO_COMMON_BLOCKS = YES;
				GCC_OPTIMIZATION_LEVEL = 0;
				GCC_PREPROCESSOR_DEFINITIONS = (
					"DEBUG=1",
					"$(inherited)",
				);
				GCC_WARN_64_TO_32_BIT_CONVERSION = YES;
				GCC_WARN_ABOUT_RETURN_TYPE = YES_ERROR;
				GCC_WARN_UNDECLARED_SELECTOR = YES;
				GCC_WARN_UNINITIALIZED_AUTOS = YES_AGGRESSIVE;
				GCC_WARN_UNUSED_FUNCTION = YES;
				GCC_WARN_UNUSED_VARIABLE = YES;
				IPHONEOS_DEPLOYMENT_TARGET = 14.2;
				MTL_ENABLE_DEBUG_INFO = INCLUDE_SOURCE;
				MTL_FAST_MATH = YES;
				ONLY_ACTIVE_ARCH = YES;
				SDKROOT = iphoneos;
				SWIFT_ACTIVE_COMPILATION_CONDITIONS = DEBUG;
				SWIFT_OPTIMIZATION_LEVEL = "-Onone";
			};
			name = Debug;
		};
		7840E32D257FAAA8009B216B /* Release */ = {
			isa = XCBuildConfiguration;
			buildSettings = {
				ALWAYS_SEARCH_USER_PATHS = NO;
				CLANG_ANALYZER_NONNULL = YES;
				CLANG_ANALYZER_NUMBER_OBJECT_CONVERSION = YES_AGGRESSIVE;
				CLANG_CXX_LANGUAGE_STANDARD = "gnu++14";
				CLANG_CXX_LIBRARY = "libc++";
				CLANG_ENABLE_MODULES = YES;
				CLANG_ENABLE_OBJC_ARC = YES;
				CLANG_ENABLE_OBJC_WEAK = YES;
				CLANG_WARN_BLOCK_CAPTURE_AUTORELEASING = YES;
				CLANG_WARN_BOOL_CONVERSION = YES;
				CLANG_WARN_COMMA = YES;
				CLANG_WARN_CONSTANT_CONVERSION = YES;
				CLANG_WARN_DEPRECATED_OBJC_IMPLEMENTATIONS = YES;
				CLANG_WARN_DIRECT_OBJC_ISA_USAGE = YES_ERROR;
				CLANG_WARN_DOCUMENTATION_COMMENTS = YES;
				CLANG_WARN_EMPTY_BODY = YES;
				CLANG_WARN_ENUM_CONVERSION = YES;
				CLANG_WARN_INFINITE_RECURSION = YES;
				CLANG_WARN_INT_CONVERSION = YES;
				CLANG_WARN_NON_LITERAL_NULL_CONVERSION = YES;
				CLANG_WARN_OBJC_IMPLICIT_RETAIN_SELF = YES;
				CLANG_WARN_OBJC_LITERAL_CONVERSION = YES;
				CLANG_WARN_OBJC_ROOT_CLASS = YES_ERROR;
				CLANG_WARN_QUOTED_INCLUDE_IN_FRAMEWORK_HEADER = YES;
				CLANG_WARN_RANGE_LOOP_ANALYSIS = YES;
				CLANG_WARN_STRICT_PROTOTYPES = YES;
				CLANG_WARN_SUSPICIOUS_MOVE = YES;
				CLANG_WARN_UNGUARDED_AVAILABILITY = YES_AGGRESSIVE;
				CLANG_WARN_UNREACHABLE_CODE = YES;
				CLANG_WARN__DUPLICATE_METHOD_MATCH = YES;
				COPY_PHASE_STRIP = NO;
				DEBUG_INFORMATION_FORMAT = "dwarf-with-dsym";
				ENABLE_NS_ASSERTIONS = NO;
				ENABLE_STRICT_OBJC_MSGSEND = YES;
				GCC_C_LANGUAGE_STANDARD = gnu11;
				GCC_NO_COMMON_BLOCKS = YES;
				GCC_WARN_64_TO_32_BIT_CONVERSION = YES;
				GCC_WARN_ABOUT_RETURN_TYPE = YES_ERROR;
				GCC_WARN_UNDECLARED_SELECTOR = YES;
				GCC_WARN_UNINITIALIZED_AUTOS = YES_AGGRESSIVE;
				GCC_WARN_UNUSED_FUNCTION = YES;
				GCC_WARN_UNUSED_VARIABLE = YES;
				IPHONEOS_DEPLOYMENT_TARGET = 14.2;
				MTL_ENABLE_DEBUG_INFO = NO;
				MTL_FAST_MATH = YES;
				SDKROOT = iphoneos;
				SWIFT_COMPILATION_MODE = wholemodule;
				SWIFT_OPTIMIZATION_LEVEL = "-O";
				VALIDATE_PRODUCT = YES;
			};
			name = Release;
		};
		7840E32F257FAAA8009B216B /* Debug */ = {
			isa = XCBuildConfiguration;
			baseConfigurationReference = 4BCC35ADE6CE9260CDE33DFE /* Pods-onepageaday.debug.xcconfig */;
			buildSettings = {
				ASSETCATALOG_COMPILER_APPICON_NAME = AppIcon;
				ASSETCATALOG_COMPILER_GLOBAL_ACCENT_COLOR_NAME = AccentColor;
				CODE_SIGN_ENTITLEMENTS = onepageaday/onepageaday.entitlements;
				CODE_SIGN_STYLE = Automatic;
				CURRENT_PROJECT_VERSION = 4;
				DEVELOPMENT_TEAM = BZY7R6DV42;
				INFOPLIST_FILE = onepageaday/Info.plist;
				LD_RUNPATH_SEARCH_PATHS = (
					"$(inherited)",
					"@executable_path/Frameworks",
				);
				MARKETING_VERSION = 1.0;
				PRODUCT_BUNDLE_IDENTIFIER = remarkpress.onepageaday;
				PRODUCT_NAME = "$(TARGET_NAME)";
				SWIFT_VERSION = 5.0;
				TARGETED_DEVICE_FAMILY = "1,2";
			};
			name = Debug;
		};
		7840E330257FAAA8009B216B /* Release */ = {
			isa = XCBuildConfiguration;
			baseConfigurationReference = 28E54BDF9D99E02EF3FCACB7 /* Pods-onepageaday.release.xcconfig */;
			buildSettings = {
				ASSETCATALOG_COMPILER_APPICON_NAME = AppIcon;
				ASSETCATALOG_COMPILER_GLOBAL_ACCENT_COLOR_NAME = AccentColor;
				CODE_SIGN_ENTITLEMENTS = onepageaday/onepageaday.entitlements;
				CODE_SIGN_STYLE = Automatic;
				CURRENT_PROJECT_VERSION = 4;
				DEVELOPMENT_TEAM = BZY7R6DV42;
				INFOPLIST_FILE = onepageaday/Info.plist;
				LD_RUNPATH_SEARCH_PATHS = (
					"$(inherited)",
					"@executable_path/Frameworks",
				);
				MARKETING_VERSION = 1.0;
				PRODUCT_BUNDLE_IDENTIFIER = remarkpress.onepageaday;
				PRODUCT_NAME = "$(TARGET_NAME)";
				SWIFT_VERSION = 5.0;
				TARGETED_DEVICE_FAMILY = "1,2";
			};
			name = Release;
		};
		7840E332257FAAA8009B216B /* Debug */ = {
			isa = XCBuildConfiguration;
			baseConfigurationReference = 9C74AFD64759C6A0C56D2751 /* Pods-onepageadayTests.debug.xcconfig */;
			buildSettings = {
				ALWAYS_EMBED_SWIFT_STANDARD_LIBRARIES = YES;
				BUNDLE_LOADER = "$(TEST_HOST)";
				CODE_SIGN_STYLE = Automatic;
				DEVELOPMENT_TEAM = BZY7R6DV42;
				INFOPLIST_FILE = onepageadayTests/Info.plist;
				IPHONEOS_DEPLOYMENT_TARGET = 14.2;
				LD_RUNPATH_SEARCH_PATHS = (
					"$(inherited)",
					"@executable_path/Frameworks",
					"@loader_path/Frameworks",
				);
				PRODUCT_BUNDLE_IDENTIFIER = changhyeon.onepageadayTests;
				PRODUCT_NAME = "$(TARGET_NAME)";
				SWIFT_VERSION = 5.0;
				TARGETED_DEVICE_FAMILY = "1,2";
				TEST_HOST = "$(BUILT_PRODUCTS_DIR)/onepageaday.app/onepageaday";
			};
			name = Debug;
		};
		7840E333257FAAA8009B216B /* Release */ = {
			isa = XCBuildConfiguration;
			baseConfigurationReference = B58F968AA3BF7B7F040A295E /* Pods-onepageadayTests.release.xcconfig */;
			buildSettings = {
				ALWAYS_EMBED_SWIFT_STANDARD_LIBRARIES = YES;
				BUNDLE_LOADER = "$(TEST_HOST)";
				CODE_SIGN_STYLE = Automatic;
				DEVELOPMENT_TEAM = BZY7R6DV42;
				INFOPLIST_FILE = onepageadayTests/Info.plist;
				IPHONEOS_DEPLOYMENT_TARGET = 14.2;
				LD_RUNPATH_SEARCH_PATHS = (
					"$(inherited)",
					"@executable_path/Frameworks",
					"@loader_path/Frameworks",
				);
				PRODUCT_BUNDLE_IDENTIFIER = changhyeon.onepageadayTests;
				PRODUCT_NAME = "$(TARGET_NAME)";
				SWIFT_VERSION = 5.0;
				TARGETED_DEVICE_FAMILY = "1,2";
				TEST_HOST = "$(BUILT_PRODUCTS_DIR)/onepageaday.app/onepageaday";
			};
			name = Release;
		};
		7840E335257FAAA8009B216B /* Debug */ = {
			isa = XCBuildConfiguration;
			baseConfigurationReference = 93C4E3F7E20163E22CDECD54 /* Pods-onepageadayUITests.debug.xcconfig */;
			buildSettings = {
				ALWAYS_EMBED_SWIFT_STANDARD_LIBRARIES = YES;
				CODE_SIGN_STYLE = Automatic;
				DEVELOPMENT_TEAM = BZY7R6DV42;
				INFOPLIST_FILE = onepageadayUITests/Info.plist;
				LD_RUNPATH_SEARCH_PATHS = (
					"$(inherited)",
					"@executable_path/Frameworks",
					"@loader_path/Frameworks",
				);
				PRODUCT_BUNDLE_IDENTIFIER = changhyeon.onepageadayUITests;
				PRODUCT_NAME = "$(TARGET_NAME)";
				SWIFT_VERSION = 5.0;
				TARGETED_DEVICE_FAMILY = "1,2";
				TEST_TARGET_NAME = onepageaday;
			};
			name = Debug;
		};
		7840E336257FAAA8009B216B /* Release */ = {
			isa = XCBuildConfiguration;
			baseConfigurationReference = 01A53C2B6ECB1D0EB97E8531 /* Pods-onepageadayUITests.release.xcconfig */;
			buildSettings = {
				ALWAYS_EMBED_SWIFT_STANDARD_LIBRARIES = YES;
				CODE_SIGN_STYLE = Automatic;
				DEVELOPMENT_TEAM = BZY7R6DV42;
				INFOPLIST_FILE = onepageadayUITests/Info.plist;
				LD_RUNPATH_SEARCH_PATHS = (
					"$(inherited)",
					"@executable_path/Frameworks",
					"@loader_path/Frameworks",
				);
				PRODUCT_BUNDLE_IDENTIFIER = changhyeon.onepageadayUITests;
				PRODUCT_NAME = "$(TARGET_NAME)";
				SWIFT_VERSION = 5.0;
				TARGETED_DEVICE_FAMILY = "1,2";
				TEST_TARGET_NAME = onepageaday;
			};
			name = Release;
		};
/* End XCBuildConfiguration section */

/* Begin XCConfigurationList section */
		7840E2FF257FAA9E009B216B /* Build configuration list for PBXProject "onepageaday" */ = {
			isa = XCConfigurationList;
			buildConfigurations = (
				7840E32C257FAAA8009B216B /* Debug */,
				7840E32D257FAAA8009B216B /* Release */,
			);
			defaultConfigurationIsVisible = 0;
			defaultConfigurationName = Release;
		};
		7840E32E257FAAA8009B216B /* Build configuration list for PBXNativeTarget "onepageaday" */ = {
			isa = XCConfigurationList;
			buildConfigurations = (
				7840E32F257FAAA8009B216B /* Debug */,
				7840E330257FAAA8009B216B /* Release */,
			);
			defaultConfigurationIsVisible = 0;
			defaultConfigurationName = Release;
		};
		7840E331257FAAA8009B216B /* Build configuration list for PBXNativeTarget "onepageadayTests" */ = {
			isa = XCConfigurationList;
			buildConfigurations = (
				7840E332257FAAA8009B216B /* Debug */,
				7840E333257FAAA8009B216B /* Release */,
			);
			defaultConfigurationIsVisible = 0;
			defaultConfigurationName = Release;
		};
		7840E334257FAAA8009B216B /* Build configuration list for PBXNativeTarget "onepageadayUITests" */ = {
			isa = XCConfigurationList;
			buildConfigurations = (
				7840E335257FAAA8009B216B /* Debug */,
				7840E336257FAAA8009B216B /* Release */,
			);
			defaultConfigurationIsVisible = 0;
			defaultConfigurationName = Release;
		};
/* End XCConfigurationList section */
	};
	rootObject = 7840E2FC257FAA9E009B216B /* Project object */;
}
